
Microsoft Visual Studio Solution File, Format Version 12.00
# Visual Studio Version 16
VisualStudioVersion = 16.0.30114.105
MinimumVisualStudioVersion = 10.0.40219.1
Project("{2150E333-8FDC-42A3-9474-1A3956D46DE8}") = "src", "src", "{624B4981-5338-4FE9-8B34-AB55F5487820}"
EndProject
Project("{FAE04EC0-301F-11D3-BF4B-00C04F79EFBC}") = "Din.Api", "src\Din.Api\Din.Api.csproj", "{2C06A7E8-AF85-475F-A5B4-330D72969ECF}"
EndProject
Project("{FAE04EC0-301F-11D3-BF4B-00C04F79EFBC}") = "Din.Domain", "src\Din.Domain\Din.Domain.csproj", "{B527A40E-E53E-46D0-978F-F1AC128DC7AB}"
EndProject
Project("{FAE04EC0-301F-11D3-BF4B-00C04F79EFBC}") = "Din.Data", "src\Din.Data\Din.Data.csproj", "{DD1DA944-A999-4B1B-913F-CCA155FDA52F}"
EndProject
Global
	GlobalSection(SolutionConfigurationPlatforms) = preSolution
		Debug|Any CPU = Debug|Any CPU
		Debug|x64 = Debug|x64
		Debug|x86 = Debug|x86
		Release|Any CPU = Release|Any CPU
		Release|x64 = Release|x64
		Release|x86 = Release|x86
	EndGlobalSection
	GlobalSection(SolutionProperties) = preSolution
		HideSolutionNode = FALSE
	EndGlobalSection
	GlobalSection(ProjectConfigurationPlatforms) = postSolution
		{2C06A7E8-AF85-475F-A5B4-330D72969ECF}.Debug|Any CPU.ActiveCfg = Debug|Any CPU
		{2C06A7E8-AF85-475F-A5B4-330D72969ECF}.Debug|Any CPU.Build.0 = Debug|Any CPU
		{2C06A7E8-AF85-475F-A5B4-330D72969ECF}.Debug|x64.ActiveCfg = Debug|Any CPU
		{2C06A7E8-AF85-475F-A5B4-330D72969ECF}.Debug|x64.Build.0 = Debug|Any CPU
		{2C06A7E8-AF85-475F-A5B4-330D72969ECF}.Debug|x86.ActiveCfg = Debug|Any CPU
		{2C06A7E8-AF85-475F-A5B4-330D72969ECF}.Debug|x86.Build.0 = Debug|Any CPU
		{2C06A7E8-AF85-475F-A5B4-330D72969ECF}.Release|Any CPU.ActiveCfg = Release|Any CPU
		{2C06A7E8-AF85-475F-A5B4-330D72969ECF}.Release|Any CPU.Build.0 = Release|Any CPU
		{2C06A7E8-AF85-475F-A5B4-330D72969ECF}.Release|x64.ActiveCfg = Release|Any CPU
		{2C06A7E8-AF85-475F-A5B4-330D72969ECF}.Release|x64.Build.0 = Release|Any CPU
		{2C06A7E8-AF85-475F-A5B4-330D72969ECF}.Release|x86.ActiveCfg = Release|Any CPU
		{2C06A7E8-AF85-475F-A5B4-330D72969ECF}.Release|x86.Build.0 = Release|Any CPU
		{B527A40E-E53E-46D0-978F-F1AC128DC7AB}.Debug|Any CPU.ActiveCfg = Debug|Any CPU
		{B527A40E-E53E-46D0-978F-F1AC128DC7AB}.Debug|Any CPU.Build.0 = Debug|Any CPU
		{B527A40E-E53E-46D0-978F-F1AC128DC7AB}.Debug|x64.ActiveCfg = Debug|Any CPU
		{B527A40E-E53E-46D0-978F-F1AC128DC7AB}.Debug|x64.Build.0 = Debug|Any CPU
		{B527A40E-E53E-46D0-978F-F1AC128DC7AB}.Debug|x86.ActiveCfg = Debug|Any CPU
		{B527A40E-E53E-46D0-978F-F1AC128DC7AB}.Debug|x86.Build.0 = Debug|Any CPU
		{B527A40E-E53E-46D0-978F-F1AC128DC7AB}.Release|Any CPU.ActiveCfg = Release|Any CPU
		{B527A40E-E53E-46D0-978F-F1AC128DC7AB}.Release|Any CPU.Build.0 = Release|Any CPU
		{B527A40E-E53E-46D0-978F-F1AC128DC7AB}.Release|x64.ActiveCfg = Release|Any CPU
		{B527A40E-E53E-46D0-978F-F1AC128DC7AB}.Release|x64.Build.0 = Release|Any CPU
		{B527A40E-E53E-46D0-978F-F1AC128DC7AB}.Release|x86.ActiveCfg = Release|Any CPU
		{B527A40E-E53E-46D0-978F-F1AC128DC7AB}.Release|x86.Build.0 = Release|Any CPU
		{DD1DA944-A999-4B1B-913F-CCA155FDA52F}.Debug|Any CPU.ActiveCfg = Debug|Any CPU
		{DD1DA944-A999-4B1B-913F-CCA155FDA52F}.Debug|Any CPU.Build.0 = Debug|Any CPU
		{DD1DA944-A999-4B1B-913F-CCA155FDA52F}.Debug|x64.ActiveCfg = Debug|Any CPU
		{DD1DA944-A999-4B1B-913F-CCA155FDA52F}.Debug|x64.Build.0 = Debug|Any CPU
		{DD1DA944-A999-4B1B-913F-CCA155FDA52F}.Debug|x86.ActiveCfg = Debug|Any CPU
		{DD1DA944-A999-4B1B-913F-CCA155FDA52F}.Debug|x86.Build.0 = Debug|Any CPU
		{DD1DA944-A999-4B1B-913F-CCA155FDA52F}.Release|Any CPU.ActiveCfg = Release|Any CPU
		{DD1DA944-A999-4B1B-913F-CCA155FDA52F}.Release|Any CPU.Build.0 = Release|Any CPU
		{DD1DA944-A999-4B1B-913F-CCA155FDA52F}.Release|x64.ActiveCfg = Release|Any CPU
		{DD1DA944-A999-4B1B-913F-CCA155FDA52F}.Release|x64.Build.0 = Release|Any CPU
		{DD1DA944-A999-4B1B-913F-CCA155FDA52F}.Release|x86.ActiveCfg = Release|Any CPU
		{DD1DA944-A999-4B1B-913F-CCA155FDA52F}.Release|x86.Build.0 = Release|Any CPU
	EndGlobalSection
	GlobalSection(NestedProjects) = preSolution
		{2C06A7E8-AF85-475F-A5B4-330D72969ECF} = {624B4981-5338-4FE9-8B34-AB55F5487820}
		{B527A40E-E53E-46D0-978F-F1AC128DC7AB} = {624B4981-5338-4FE9-8B34-AB55F5487820}
		{DD1DA944-A999-4B1B-913F-CCA155FDA52F} = {624B4981-5338-4FE9-8B34-AB55F5487820}
	EndGlobalSection
EndGlobal
